
Microsoft Visual Studio Solution File, Format Version 12.00
# Visual Studio Version 16
VisualStudioVersion = 16.0.32802.440
MinimumVisualStudioVersion = 10.0.40219.1
Project("{FAE04EC0-301F-11D3-BF4B-00C04F79EFBC}") = "Truco Argentino", "Truco Argentino\Truco Argentino.csproj", "{9756D1A3-0595-48CB-B854-D6EACADD43D5}"
EndProject
Global
	GlobalSection(SolutionConfigurationPlatforms) = preSolution
		Debug|Any CPU = Debug|Any CPU
		Release|Any CPU = Release|Any CPU
	EndGlobalSection
	GlobalSection(ProjectConfigurationPlatforms) = postSolution
		{9756D1A3-0595-48CB-B854-D6EACADD43D5}.Debug|Any CPU.ActiveCfg = Debug|Any CPU
		{9756D1A3-0595-48CB-B854-D6EACADD43D5}.Debug|Any CPU.Build.0 = Debug|Any CPU
		{9756D1A3-0595-48CB-B854-D6EACADD43D5}.Release|Any CPU.ActiveCfg = Release|Any CPU
		{9756D1A3-0595-48CB-B854-D6EACADD43D5}.Release|Any CPU.Build.0 = Release|Any CPU
	EndGlobalSection
	GlobalSection(SolutionProperties) = preSolution
		HideSolutionNode = FALSE
	EndGlobalSection
	GlobalSection(ExtensibilityGlobals) = postSolution
		SolutionGuid = {1B3E297A-5125-4693-ABC4-19AB0D8D7B50}
	EndGlobalSection
EndGlobal
